{
  "requires": true,
  "lockfileVersion": 1,
  "dependencies": {
    "array-buffer-to-hex": {
      "version": "1.0.0",
      "resolved": "https://registry.npmjs.org/array-buffer-to-hex/-/array-buffer-to-hex-1.0.0.tgz",
      "integrity": "sha512-arycdkxgK1cj6s03GDb96tlCxOl1n3kg9M2OHseUc6Pqyqp+lgfceFPmG507eI5V+oxOSEnlOw/dFc7LXBXF4Q=="
    },
    "c-struct": {
      "version": "0.0.5",
      "resolved": "https://registry.npmjs.org/c-struct/-/c-struct-0.0.5.tgz",
      "integrity": "sha512-yNX0IULnOnk7ha5+8EjK22xCoAqYlky2ts1YdDpK7w9tJf1uVCVRlPvINgcgz4GyBaNeCKeECYhr0AWw61/NbQ=="
    },
    "cpp-struct-js": {
      "version": "1.0.2",
      "resolved": "https://registry.npmjs.org/cpp-struct-js/-/cpp-struct-js-1.0.2.tgz",
      "integrity": "sha512-KHONhfXUN2exwyMs1ryIwdD82/6QB5tytFWNU06FWwgAWxsXZEyEfhYmO5OF5UIxjYMZqbeOJdUvN9TWUCoyRA=="
    }
  }
}
